
Microsoft Visual Studio Solution File, Format Version 12.00
# Visual Studio Version 17
VisualStudioVersion = 17.1.31903.286
MinimumVisualStudioVersion = 10.0.40219.1
Project("{FAE04EC0-301F-11D3-BF4B-00C04F79EFBC}") = "WebAppAutenAutho", "WebAppAutenAutho\WebAppAutenAutho.csproj", "{7F097F89-1661-47C1-AD5F-32821476A390}"
EndProject
Global
	GlobalSection(SolutionConfigurationPlatforms) = preSolution
		Debug|Any CPU = Debug|Any CPU
		Release|Any CPU = Release|Any CPU
	EndGlobalSection
	GlobalSection(ProjectConfigurationPlatforms) = postSolution
		{7F097F89-1661-47C1-AD5F-32821476A390}.Debug|Any CPU.ActiveCfg = Debug|Any CPU
		{7F097F89-1661-47C1-AD5F-32821476A390}.Debug|Any CPU.Build.0 = Debug|Any CPU
		{7F097F89-1661-47C1-AD5F-32821476A390}.Release|Any CPU.ActiveCfg = Release|Any CPU
		{7F097F89-1661-47C1-AD5F-32821476A390}.Release|Any CPU.Build.0 = Release|Any CPU
	EndGlobalSection
	GlobalSection(SolutionProperties) = preSolution
		HideSolutionNode = FALSE
	EndGlobalSection
	GlobalSection(ExtensibilityGlobals) = postSolution
		SolutionGuid = {6C5B1E7A-2EDB-4041-95C7-A65E73FC7923}
	EndGlobalSection
EndGlobal
